
Microsoft Visual Studio Solution File, Format Version 12.00
# Visual Studio 14
VisualStudioVersion = 14.0.25420.1
MinimumVisualStudioVersion = 10.0.40219.1
Project("{FAE04EC0-301F-11D3-BF4B-00C04F79EFBC}") = "App", "App\App.csproj", "{A06B39AB-9B42-4553-82C9-DEA39952602F}"
EndProject
Project("{FAE04EC0-301F-11D3-BF4B-00C04F79EFBC}") = "DAL", "DAL\DAL.csproj", "{C49E28A6-E081-4BDB-915A-E9A83F43464E}"
EndProject
Project("{FAE04EC0-301F-11D3-BF4B-00C04F79EFBC}") = "Domain", "Domain\Domain.csproj", "{E618AB51-0234-4025-AC98-B07D158CEBF5}"
EndProject
Global
	GlobalSection(SolutionConfigurationPlatforms) = preSolution
		Debug|Any CPU = Debug|Any CPU
		Release|Any CPU = Release|Any CPU
	EndGlobalSection
	GlobalSection(ProjectConfigurationPlatforms) = postSolution
		{A06B39AB-9B42-4553-82C9-DEA39952602F}.Debug|Any CPU.ActiveCfg = Debug|Any CPU
		{A06B39AB-9B42-4553-82C9-DEA39952602F}.Debug|Any CPU.Build.0 = Debug|Any CPU
		{A06B39AB-9B42-4553-82C9-DEA39952602F}.Release|Any CPU.ActiveCfg = Release|Any CPU
		{A06B39AB-9B42-4553-82C9-DEA39952602F}.Release|Any CPU.Build.0 = Release|Any CPU
		{C49E28A6-E081-4BDB-915A-E9A83F43464E}.Debug|Any CPU.ActiveCfg = Debug|Any CPU
		{C49E28A6-E081-4BDB-915A-E9A83F43464E}.Debug|Any CPU.Build.0 = Debug|Any CPU
		{C49E28A6-E081-4BDB-915A-E9A83F43464E}.Release|Any CPU.ActiveCfg = Release|Any CPU
		{C49E28A6-E081-4BDB-915A-E9A83F43464E}.Release|Any CPU.Build.0 = Release|Any CPU
		{E618AB51-0234-4025-AC98-B07D158CEBF5}.Debug|Any CPU.ActiveCfg = Debug|Any CPU
		{E618AB51-0234-4025-AC98-B07D158CEBF5}.Debug|Any CPU.Build.0 = Debug|Any CPU
		{E618AB51-0234-4025-AC98-B07D158CEBF5}.Release|Any CPU.ActiveCfg = Release|Any CPU
		{E618AB51-0234-4025-AC98-B07D158CEBF5}.Release|Any CPU.Build.0 = Release|Any CPU
	EndGlobalSection
	GlobalSection(SolutionProperties) = preSolution
		HideSolutionNode = FALSE
	EndGlobalSection
	GlobalSection(ExtensibilityGlobals) = postSolution
		SolutionGuid = {89C4D633-FDC2-4F43-AD88-B44F2A2FE006}
	EndGlobalSection
EndGlobal
